// !$*UTF8*$!
{
	archiveVersion = 1;
	classes = {
	};
	objectVersion = 46;
	objects = {

/* Begin PBXBuildFile section */
		EC0DC3581958451000CEC335 /* AVFoundation.framework in Frameworks */ = {isa = PBXBuildFile; fileRef = EC0DC3571958451000CEC335 /* AVFoundation.framework */; };
		EC0DC35B19584DF000CEC335 /* CCustomMADCustomEventWithGADBanner.m in Sources */ = {isa = PBXBuildFile; fileRef = EC0DC35A19584DF000CEC335 /* CCustomMADCustomEventWithGADBanner.m */; };
		EC807DCA17F083F500B66CDE /* Security.framework in Frameworks */ = {isa = PBXBuildFile; fileRef = EC807DC917F083F500B66CDE /* Security.framework */; };
		EC807DCC17F084B600B66CDE /* StoreKit.framework in Frameworks */ = {isa = PBXBuildFile; fileRef = EC807DCB17F084B600B66CDE /* StoreKit.framework */; };
		EC94106D1999023E00EB944C /* libGoogleAdMobAds.a in Frameworks */ = {isa = PBXBuildFile; fileRef = EC94106C1999023E00EB944C /* libGoogleAdMobAds.a */; };
		EC9410871999028A00EB944C /* libMADSDK.a in Frameworks */ = {isa = PBXBuildFile; fileRef = EC94107D1999028A00EB944C /* libMADSDK.a */; };
		EC9410881999028A00EB944C /* MADNET_SDK.bundle in Resources */ = {isa = PBXBuildFile; fileRef = EC9410811999028A00EB944C /* MADNET_SDK.bundle */; };
		EC94108B199902E000EB944C /* MADCustomEventWithGADBanner.m in Sources */ = {isa = PBXBuildFile; fileRef = EC94108A199902E000EB944C /* MADCustomEventWithGADBanner.m */; };
		ECD352AF17AA5C3E005BFD5B /* AudioToolbox.framework in Frameworks */ = {isa = PBXBuildFile; fileRef = ECD352AE17AA5C3E005BFD5B /* AudioToolbox.framework */; };
		ECD352B117AA5C74005BFD5B /* MessageUI.framework in Frameworks */ = {isa = PBXBuildFile; fileRef = ECD352B017AA5C74005BFD5B /* MessageUI.framework */; };
		ECF1A90E17A1308A001C5ADC /* UIKit.framework in Frameworks */ = {isa = PBXBuildFile; fileRef = ECF1A90D17A1308A001C5ADC /* UIKit.framework */; };
		ECF1A91017A1308A001C5ADC /* Foundation.framework in Frameworks */ = {isa = PBXBuildFile; fileRef = ECF1A90F17A1308A001C5ADC /* Foundation.framework */; };
		ECF1A91217A1308A001C5ADC /* CoreGraphics.framework in Frameworks */ = {isa = PBXBuildFile; fileRef = ECF1A91117A1308A001C5ADC /* CoreGraphics.framework */; };
		ECF1A91817A1308A001C5ADC /* InfoPlist.strings in Resources */ = {isa = PBXBuildFile; fileRef = ECF1A91617A1308A001C5ADC /* InfoPlist.strings */; };
		ECF1A91A17A1308A001C5ADC /* main.m in Sources */ = {isa = PBXBuildFile; fileRef = ECF1A91917A1308A001C5ADC /* main.m */; };
		ECF1A91E17A1308A001C5ADC /* AppDelegate.m in Sources */ = {isa = PBXBuildFile; fileRef = ECF1A91D17A1308A001C5ADC /* AppDelegate.m */; };
		ECF1A92017A1308A001C5ADC /* Default.png in Resources */ = {isa = PBXBuildFile; fileRef = ECF1A91F17A1308A001C5ADC /* Default.png */; };
		ECF1A92217A1308A001C5ADC /* Default@2x.png in Resources */ = {isa = PBXBuildFile; fileRef = ECF1A92117A1308A001C5ADC /* Default@2x.png */; };
		ECF1A92417A1308A001C5ADC /* Default-568h@2x.png in Resources */ = {isa = PBXBuildFile; fileRef = ECF1A92317A1308A001C5ADC /* Default-568h@2x.png */; };
		ECF1A92717A1308A001C5ADC /* MainStoryboard.storyboard in Resources */ = {isa = PBXBuildFile; fileRef = ECF1A92517A1308A001C5ADC /* MainStoryboard.storyboard */; };
		ECF1A92A17A1308A001C5ADC /* ViewController.m in Sources */ = {isa = PBXBuildFile; fileRef = ECF1A92917A1308A001C5ADC /* ViewController.m */; };
		ECF1A94217A130ED001C5ADC /* CoreFoundation.framework in Frameworks */ = {isa = PBXBuildFile; fileRef = ECF1A94117A130ED001C5ADC /* CoreFoundation.framework */; };
		ECF1A94417A130F4001C5ADC /* QuartzCore.framework in Frameworks */ = {isa = PBXBuildFile; fileRef = ECF1A94317A130F4001C5ADC /* QuartzCore.framework */; };
		ECF1A94617A130FB001C5ADC /* libz.dylib in Frameworks */ = {isa = PBXBuildFile; fileRef = ECF1A94517A130FB001C5ADC /* libz.dylib */; };
		ECF1A94817A13100001C5ADC /* AdSupport.framework in Frameworks */ = {isa = PBXBuildFile; fileRef = ECF1A94717A13100001C5ADC /* AdSupport.framework */; };
		ECF1A94A17A13107001C5ADC /* SystemConfiguration.framework in Frameworks */ = {isa = PBXBuildFile; fileRef = ECF1A94917A13107001C5ADC /* SystemConfiguration.framework */; };
		ECF1A94C17A1310D001C5ADC /* MobileCoreServices.framework in Frameworks */ = {isa = PBXBuildFile; fileRef = ECF1A94B17A1310D001C5ADC /* MobileCoreServices.framework */; };
		ECF1A94E17A13113001C5ADC /* MediaPlayer.framework in Frameworks */ = {isa = PBXBuildFile; fileRef = ECF1A94D17A13113001C5ADC /* MediaPlayer.framework */; };
		ECF1A95017A1311F001C5ADC /* CoreLocation.framework in Frameworks */ = {isa = PBXBuildFile; fileRef = ECF1A94F17A1311F001C5ADC /* CoreLocation.framework */; };
		ECF1A95217A13127001C5ADC /* CoreMotion.framework in Frameworks */ = {isa = PBXBuildFile; fileRef = ECF1A95117A13127001C5ADC /* CoreMotion.framework */; };
		ECF1A95417A13130001C5ADC /* EventKit.framework in Frameworks */ = {isa = PBXBuildFile; fileRef = ECF1A95317A13130001C5ADC /* EventKit.framework */; };
		ECF1A95617A13135001C5ADC /* CFNetwork.framework in Frameworks */ = {isa = PBXBuildFile; fileRef = ECF1A95517A13135001C5ADC /* CFNetwork.framework */; };
		ECF1A95817A1313D001C5ADC /* CoreTelephony.framework in Frameworks */ = {isa = PBXBuildFile; fileRef = ECF1A95717A1313D001C5ADC /* CoreTelephony.framework */; };
/* End PBXBuildFile section */

/* Begin PBXFileReference section */
		EC0DC3571958451000CEC335 /* AVFoundation.framework */ = {isa = PBXFileReference; lastKnownFileType = wrapper.framework; name = AVFoundation.framework; path = System/Library/Frameworks/AVFoundation.framework; sourceTree = SDKROOT; };
		EC0DC35919584DF000CEC335 /* CCustomMADCustomEventWithGADBanner.h */ = {isa = PBXFileReference; fileEncoding = 4; lastKnownFileType = sourcecode.c.h; path = CCustomMADCustomEventWithGADBanner.h; sourceTree = "<group>"; };
		EC0DC35A19584DF000CEC335 /* CCustomMADCustomEventWithGADBanner.m */ = {isa = PBXFileReference; fileEncoding = 4; lastKnownFileType = sourcecode.c.objc; path = CCustomMADCustomEventWithGADBanner.m; sourceTree = "<group>"; };
		EC807DC917F083F500B66CDE /* Security.framework */ = {isa = PBXFileReference; lastKnownFileType = wrapper.framework; name = Security.framework; path = System/Library/Frameworks/Security.framework; sourceTree = SDKROOT; };
		EC807DCB17F084B600B66CDE /* StoreKit.framework */ = {isa = PBXFileReference; lastKnownFileType = wrapper.framework; name = StoreKit.framework; path = System/Library/Frameworks/StoreKit.framework; sourceTree = SDKROOT; };
		EC9410601999023E00EB944C /* GADAdMobExtras.h */ = {isa = PBXFileReference; fileEncoding = 4; lastKnownFileType = sourcecode.c.h; path = GADAdMobExtras.h; sourceTree = "<group>"; };
		EC9410611999023E00EB944C /* GADAdNetworkExtras.h */ = {isa = PBXFileReference; fileEncoding = 4; lastKnownFileType = sourcecode.c.h; path = GADAdNetworkExtras.h; sourceTree = "<group>"; };
		EC9410621999023E00EB944C /* GADAdSize.h */ = {isa = PBXFileReference; fileEncoding = 4; lastKnownFileType = sourcecode.c.h; path = GADAdSize.h; sourceTree = "<group>"; };
		EC9410631999023E00EB944C /* GADBannerView.h */ = {isa = PBXFileReference; fileEncoding = 4; lastKnownFileType = sourcecode.c.h; path = GADBannerView.h; sourceTree = "<group>"; };
		EC9410641999023E00EB944C /* GADBannerViewDelegate.h */ = {isa = PBXFileReference; fileEncoding = 4; lastKnownFileType = sourcecode.c.h; path = GADBannerViewDelegate.h; sourceTree = "<group>"; };
		EC9410651999023E00EB944C /* GADInAppPurchase.h */ = {isa = PBXFileReference; fileEncoding = 4; lastKnownFileType = sourcecode.c.h; path = GADInAppPurchase.h; sourceTree = "<group>"; };
		EC9410661999023E00EB944C /* GADInAppPurchaseDelegate.h */ = {isa = PBXFileReference; fileEncoding = 4; lastKnownFileType = sourcecode.c.h; path = GADInAppPurchaseDelegate.h; sourceTree = "<group>"; };
		EC9410671999023E00EB944C /* GADInterstitial.h */ = {isa = PBXFileReference; fileEncoding = 4; lastKnownFileType = sourcecode.c.h; path = GADInterstitial.h; sourceTree = "<group>"; };
		EC9410681999023E00EB944C /* GADInterstitialDelegate.h */ = {isa = PBXFileReference; fileEncoding = 4; lastKnownFileType = sourcecode.c.h; path = GADInterstitialDelegate.h; sourceTree = "<group>"; };
		EC9410691999023E00EB944C /* GADModules.h */ = {isa = PBXFileReference; fileEncoding = 4; lastKnownFileType = sourcecode.c.h; path = GADModules.h; sourceTree = "<group>"; };
		EC94106A1999023E00EB944C /* GADRequest.h */ = {isa = PBXFileReference; fileEncoding = 4; lastKnownFileType = sourcecode.c.h; path = GADRequest.h; sourceTree = "<group>"; };
		EC94106B1999023E00EB944C /* GADRequestError.h */ = {isa = PBXFileReference; fileEncoding = 4; lastKnownFileType = sourcecode.c.h; path = GADRequestError.h; sourceTree = "<group>"; };
		EC94106C1999023E00EB944C /* libGoogleAdMobAds.a */ = {isa = PBXFileReference; lastKnownFileType = archive.ar; path = libGoogleAdMobAds.a; sourceTree = "<group>"; };
		EC94106F1999027400EB944C /* GADCustomEventBanner.h */ = {isa = PBXFileReference; fileEncoding = 4; lastKnownFileType = sourcecode.c.h; path = GADCustomEventBanner.h; sourceTree = "<group>"; };
		EC9410701999027400EB944C /* GADCustomEventBannerDelegate.h */ = {isa = PBXFileReference; fileEncoding = 4; lastKnownFileType = sourcecode.c.h; path = GADCustomEventBannerDelegate.h; sourceTree = "<group>"; };
		EC9410711999027400EB944C /* GADCustomEventExtras.h */ = {isa = PBXFileReference; fileEncoding = 4; lastKnownFileType = sourcecode.c.h; path = GADCustomEventExtras.h; sourceTree = "<group>"; };
		EC9410721999027400EB944C /* GADCustomEventInterstitial.h */ = {isa = PBXFileReference; fileEncoding = 4; lastKnownFileType = sourcecode.c.h; path = GADCustomEventInterstitial.h; sourceTree = "<group>"; };
		EC9410731999027400EB944C /* GADCustomEventInterstitialDelegate.h */ = {isa = PBXFileReference; fileEncoding = 4; lastKnownFileType = sourcecode.c.h; path = GADCustomEventInterstitialDelegate.h; sourceTree = "<group>"; };
		EC9410741999027400EB944C /* GADCustomEventRequest.h */ = {isa = PBXFileReference; fileEncoding = 4; lastKnownFileType = sourcecode.c.h; path = GADCustomEventRequest.h; sourceTree = "<group>"; };
		EC9410761999028A00EB944C /* CMADADSourceBuilder.h */ = {isa = PBXFileReference; fileEncoding = 4; lastKnownFileType = sourcecode.c.h; path = CMADADSourceBuilder.h; sourceTree = "<group>"; };
		EC9410771999028A00EB944C /* CmAdBannerEntity.h */ = {isa = PBXFileReference; fileEncoding = 4; lastKnownFileType = sourcecode.c.h; path = CmAdBannerEntity.h; sourceTree = "<group>"; };
		EC9410781999028A00EB944C /* CMADInterstitialAdManager.h */ = {isa = PBXFileReference; fileEncoding = 4; lastKnownFileType = sourcecode.c.h; path = CMADInterstitialAdManager.h; sourceTree = "<group>"; };
		EC9410791999028A00EB944C /* IMADBaseProtocol.h */ = {isa = PBXFileReference; fileEncoding = 4; lastKnownFileType = sourcecode.c.h; path = IMADBaseProtocol.h; sourceTree = "<group>"; };
		EC94107A1999028A00EB944C /* IMADFulscreenViewControllerDelegate.h */ = {isa = PBXFileReference; fileEncoding = 4; lastKnownFileType = sourcecode.c.h; path = IMADFulscreenViewControllerDelegate.h; sourceTree = "<group>"; };
		EC94107B1999028A00EB944C /* IMADRotationViewDelegate.h */ = {isa = PBXFileReference; fileEncoding = 4; lastKnownFileType = sourcecode.c.h; path = IMADRotationViewDelegate.h; sourceTree = "<group>"; };
		EC94107C1999028A00EB944C /* IMADTosterRotationViewDelegate.h */ = {isa = PBXFileReference; fileEncoding = 4; lastKnownFileType = sourcecode.c.h; path = IMADTosterRotationViewDelegate.h; sourceTree = "<group>"; };
		EC94107D1999028A00EB944C /* libMADSDK.a */ = {isa = PBXFileReference; lastKnownFileType = archive.ar; path = libMADSDK.a; sourceTree = "<group>"; };
		EC94107E1999028A00EB944C /* MADBaseRequestParametrs.h */ = {isa = PBXFileReference; fileEncoding = 4; lastKnownFileType = sourcecode.c.h; path = MADBaseRequestParametrs.h; sourceTree = "<group>"; };
		EC94107F1999028A00EB944C /* MADContainerParameters.h */ = {isa = PBXFileReference; fileEncoding = 4; lastKnownFileType = sourcecode.c.h; path = MADContainerParameters.h; sourceTree = "<group>"; };
		EC9410801999028A00EB944C /* MADExternalValuesForTargeting.h */ = {isa = PBXFileReference; fileEncoding = 4; lastKnownFileType = sourcecode.c.h; path = MADExternalValuesForTargeting.h; sourceTree = "<group>"; };
		EC9410811999028A00EB944C /* MADNET_SDK.bundle */ = {isa = PBXFileReference; lastKnownFileType = "wrapper.plug-in"; path = MADNET_SDK.bundle; sourceTree = "<group>"; };
		EC9410821999028A00EB944C /* MadNetStyleConfig.h */ = {isa = PBXFileReference; fileEncoding = 4; lastKnownFileType = sourcecode.c.h; path = MadNetStyleConfig.h; sourceTree = "<group>"; };
		EC9410831999028A00EB944C /* MADRotationView.h */ = {isa = PBXFileReference; fileEncoding = 4; lastKnownFileType = sourcecode.c.h; path = MADRotationView.h; sourceTree = "<group>"; };
		EC9410841999028A00EB944C /* MADSize.h */ = {isa = PBXFileReference; fileEncoding = 4; lastKnownFileType = sourcecode.c.h; path = MADSize.h; sourceTree = "<group>"; };
		EC9410851999028A00EB944C /* MADTosterFooterRotationView.h */ = {isa = PBXFileReference; fileEncoding = 4; lastKnownFileType = sourcecode.c.h; path = MADTosterFooterRotationView.h; sourceTree = "<group>"; };
		EC9410861999028A00EB944C /* MADTosterRotationView.h */ = {isa = PBXFileReference; fileEncoding = 4; lastKnownFileType = sourcecode.c.h; path = MADTosterRotationView.h; sourceTree = "<group>"; };
		EC941089199902E000EB944C /* MADCustomEventWithGADBanner.h */ = {isa = PBXFileReference; fileEncoding = 4; lastKnownFileType = sourcecode.c.h; path = MADCustomEventWithGADBanner.h; sourceTree = "<group>"; };
		EC94108A199902E000EB944C /* MADCustomEventWithGADBanner.m */ = {isa = PBXFileReference; fileEncoding = 4; lastKnownFileType = sourcecode.c.objc; path = MADCustomEventWithGADBanner.m; sourceTree = "<group>"; };
		ECD352AE17AA5C3E005BFD5B /* AudioToolbox.framework */ = {isa = PBXFileReference; lastKnownFileType = wrapper.framework; name = AudioToolbox.framework; path = System/Library/Frameworks/AudioToolbox.framework; sourceTree = SDKROOT; };
		ECD352B017AA5C74005BFD5B /* MessageUI.framework */ = {isa = PBXFileReference; lastKnownFileType = wrapper.framework; name = MessageUI.framework; path = System/Library/Frameworks/MessageUI.framework; sourceTree = SDKROOT; };
		ECF1A90A17A1308A001C5ADC /* MADNET_SDK_MEDIATION.app */ = {isa = PBXFileReference; explicitFileType = wrapper.application; includeInIndex = 0; path = MADNET_SDK_MEDIATION.app; sourceTree = BUILT_PRODUCTS_DIR; };
		ECF1A90D17A1308A001C5ADC /* UIKit.framework */ = {isa = PBXFileReference; lastKnownFileType = wrapper.framework; name = UIKit.framework; path = System/Library/Frameworks/UIKit.framework; sourceTree = SDKROOT; };
		ECF1A90F17A1308A001C5ADC /* Foundation.framework */ = {isa = PBXFileReference; lastKnownFileType = wrapper.framework; name = Foundation.framework; path = System/Library/Frameworks/Foundation.framework; sourceTree = SDKROOT; };
		ECF1A91117A1308A001C5ADC /* CoreGraphics.framework */ = {isa = PBXFileReference; lastKnownFileType = wrapper.framework; name = CoreGraphics.framework; path = System/Library/Frameworks/CoreGraphics.framework; sourceTree = SDKROOT; };
		ECF1A91517A1308A001C5ADC /* MADNET_SDK_MEDIATION-Info.plist */ = {isa = PBXFileReference; lastKnownFileType = text.plist.xml; path = "MADNET_SDK_MEDIATION-Info.plist"; sourceTree = "<group>"; };
		ECF1A91717A1308A001C5ADC /* en */ = {isa = PBXFileReference; lastKnownFileType = text.plist.strings; name = en; path = en.lproj/InfoPlist.strings; sourceTree = "<group>"; };
		ECF1A91917A1308A001C5ADC /* main.m */ = {isa = PBXFileReference; lastKnownFileType = sourcecode.c.objc; path = main.m; sourceTree = "<group>"; };
		ECF1A91B17A1308A001C5ADC /* MADNET_SDK_MEDIATION-Prefix.pch */ = {isa = PBXFileReference; lastKnownFileType = sourcecode.c.h; path = "MADNET_SDK_MEDIATION-Prefix.pch"; sourceTree = "<group>"; };
		ECF1A91C17A1308A001C5ADC /* AppDelegate.h */ = {isa = PBXFileReference; lastKnownFileType = sourcecode.c.h; path = AppDelegate.h; sourceTree = "<group>"; };
		ECF1A91D17A1308A001C5ADC /* AppDelegate.m */ = {isa = PBXFileReference; lastKnownFileType = sourcecode.c.objc; path = AppDelegate.m; sourceTree = "<group>"; };
		ECF1A91F17A1308A001C5ADC /* Default.png */ = {isa = PBXFileReference; lastKnownFileType = image.png; path = Default.png; sourceTree = "<group>"; };
		ECF1A92117A1308A001C5ADC /* Default@2x.png */ = {isa = PBXFileReference; lastKnownFileType = image.png; path = "Default@2x.png"; sourceTree = "<group>"; };
		ECF1A92317A1308A001C5ADC /* Default-568h@2x.png */ = {isa = PBXFileReference; lastKnownFileType = image.png; path = "Default-568h@2x.png"; sourceTree = "<group>"; };
		ECF1A92617A1308A001C5ADC /* en */ = {isa = PBXFileReference; lastKnownFileType = file.storyboard; name = en; path = en.lproj/MainStoryboard.storyboard; sourceTree = "<group>"; };
		ECF1A92817A1308A001C5ADC /* ViewController.h */ = {isa = PBXFileReference; lastKnownFileType = sourcecode.c.h; path = ViewController.h; sourceTree = "<group>"; };
		ECF1A92917A1308A001C5ADC /* ViewController.m */ = {isa = PBXFileReference; lastKnownFileType = sourcecode.c.objc; path = ViewController.m; sourceTree = "<group>"; };
		ECF1A94117A130ED001C5ADC /* CoreFoundation.framework */ = {isa = PBXFileReference; lastKnownFileType = wrapper.framework; name = CoreFoundation.framework; path = System/Library/Frameworks/CoreFoundation.framework; sourceTree = SDKROOT; };
		ECF1A94317A130F4001C5ADC /* QuartzCore.framework */ = {isa = PBXFileReference; lastKnownFileType = wrapper.framework; name = QuartzCore.framework; path = System/Library/Frameworks/QuartzCore.framework; sourceTree = SDKROOT; };
		ECF1A94517A130FB001C5ADC /* libz.dylib */ = {isa = PBXFileReference; lastKnownFileType = "compiled.mach-o.dylib"; name = libz.dylib; path = usr/lib/libz.dylib; sourceTree = SDKROOT; };
		ECF1A94717A13100001C5ADC /* AdSupport.framework */ = {isa = PBXFileReference; lastKnownFileType = wrapper.framework; name = AdSupport.framework; path = System/Library/Frameworks/AdSupport.framework; sourceTree = SDKROOT; };
		ECF1A94917A13107001C5ADC /* SystemConfiguration.framework */ = {isa = PBXFileReference; lastKnownFileType = wrapper.framework; name = SystemConfiguration.framework; path = System/Library/Frameworks/SystemConfiguration.framework; sourceTree = SDKROOT; };
		ECF1A94B17A1310D001C5ADC /* MobileCoreServices.framework */ = {isa = PBXFileReference; lastKnownFileType = wrapper.framework; name = MobileCoreServices.framework; path = System/Library/Frameworks/MobileCoreServices.framework; sourceTree = SDKROOT; };
		ECF1A94D17A13113001C5ADC /* MediaPlayer.framework */ = {isa = PBXFileReference; lastKnownFileType = wrapper.framework; name = MediaPlayer.framework; path = System/Library/Frameworks/MediaPlayer.framework; sourceTree = SDKROOT; };
		ECF1A94F17A1311F001C5ADC /* CoreLocation.framework */ = {isa = PBXFileReference; lastKnownFileType = wrapper.framework; name = CoreLocation.framework; path = System/Library/Frameworks/CoreLocation.framework; sourceTree = SDKROOT; };
		ECF1A95117A13127001C5ADC /* CoreMotion.framework */ = {isa = PBXFileReference; lastKnownFileType = wrapper.framework; name = CoreMotion.framework; path = System/Library/Frameworks/CoreMotion.framework; sourceTree = SDKROOT; };
		ECF1A95317A13130001C5ADC /* EventKit.framework */ = {isa = PBXFileReference; lastKnownFileType = wrapper.framework; name = EventKit.framework; path = System/Library/Frameworks/EventKit.framework; sourceTree = SDKROOT; };
		ECF1A95517A13135001C5ADC /* CFNetwork.framework */ = {isa = PBXFileReference; lastKnownFileType = wrapper.framework; name = CFNetwork.framework; path = System/Library/Frameworks/CFNetwork.framework; sourceTree = SDKROOT; };
		ECF1A95717A1313D001C5ADC /* CoreTelephony.framework */ = {isa = PBXFileReference; lastKnownFileType = wrapper.framework; name = CoreTelephony.framework; path = System/Library/Frameworks/CoreTelephony.framework; sourceTree = SDKROOT; };
/* End PBXFileReference section */

/* Begin PBXFrameworksBuildPhase section */
		ECF1A90717A1308A001C5ADC /* Frameworks */ = {
			isa = PBXFrameworksBuildPhase;
			buildActionMask = 2147483647;
			files = (
				EC0DC3581958451000CEC335 /* AVFoundation.framework in Frameworks */,
				EC807DCC17F084B600B66CDE /* StoreKit.framework in Frameworks */,
				EC807DCA17F083F500B66CDE /* Security.framework in Frameworks */,
				EC9410871999028A00EB944C /* libMADSDK.a in Frameworks */,
				ECD352B117AA5C74005BFD5B /* MessageUI.framework in Frameworks */,
				ECD352AF17AA5C3E005BFD5B /* AudioToolbox.framework in Frameworks */,
				ECF1A95817A1313D001C5ADC /* CoreTelephony.framework in Frameworks */,
				ECF1A95617A13135001C5ADC /* CFNetwork.framework in Frameworks */,
				ECF1A95417A13130001C5ADC /* EventKit.framework in Frameworks */,
				ECF1A95217A13127001C5ADC /* CoreMotion.framework in Frameworks */,
				ECF1A95017A1311F001C5ADC /* CoreLocation.framework in Frameworks */,
				ECF1A94217A130ED001C5ADC /* CoreFoundation.framework in Frameworks */,
				EC94106D1999023E00EB944C /* libGoogleAdMobAds.a in Frameworks */,
				ECF1A94E17A13113001C5ADC /* MediaPlayer.framework in Frameworks */,
				ECF1A94C17A1310D001C5ADC /* MobileCoreServices.framework in Frameworks */,
				ECF1A94A17A13107001C5ADC /* SystemConfiguration.framework in Frameworks */,
				ECF1A94817A13100001C5ADC /* AdSupport.framework in Frameworks */,
				ECF1A94617A130FB001C5ADC /* libz.dylib in Frameworks */,
				ECF1A94417A130F4001C5ADC /* QuartzCore.framework in Frameworks */,
				ECF1A90E17A1308A001C5ADC /* UIKit.framework in Frameworks */,
				ECF1A91017A1308A001C5ADC /* Foundation.framework in Frameworks */,
				ECF1A91217A1308A001C5ADC /* CoreGraphics.framework in Frameworks */,
			);
			runOnlyForDeploymentPostprocessing = 0;
		};
/* End PBXFrameworksBuildPhase section */

/* Begin PBXGroup section */
		EC7A622A1959B9CD00A9669A /* AdMob SDK */ = {
			isa = PBXGroup;
			children = (
				EC94106E1999027400EB944C /* Mediation */,
				EC9410601999023E00EB944C /* GADAdMobExtras.h */,
				EC9410611999023E00EB944C /* GADAdNetworkExtras.h */,
				EC9410621999023E00EB944C /* GADAdSize.h */,
				EC9410631999023E00EB944C /* GADBannerView.h */,
				EC9410641999023E00EB944C /* GADBannerViewDelegate.h */,
				EC9410651999023E00EB944C /* GADInAppPurchase.h */,
				EC9410661999023E00EB944C /* GADInAppPurchaseDelegate.h */,
				EC9410671999023E00EB944C /* GADInterstitial.h */,
				EC9410681999023E00EB944C /* GADInterstitialDelegate.h */,
				EC9410691999023E00EB944C /* GADModules.h */,
				EC94106A1999023E00EB944C /* GADRequest.h */,
				EC94106B1999023E00EB944C /* GADRequestError.h */,
				EC94106C1999023E00EB944C /* libGoogleAdMobAds.a */,
			);
			name = "AdMob SDK";
			sourceTree = "<group>";
		};
		EC94106E1999027400EB944C /* Mediation */ = {
			isa = PBXGroup;
			children = (
				EC94106F1999027400EB944C /* GADCustomEventBanner.h */,
				EC9410701999027400EB944C /* GADCustomEventBannerDelegate.h */,
				EC9410711999027400EB944C /* GADCustomEventExtras.h */,
				EC9410721999027400EB944C /* GADCustomEventInterstitial.h */,
				EC9410731999027400EB944C /* GADCustomEventInterstitialDelegate.h */,
				EC9410741999027400EB944C /* GADCustomEventRequest.h */,
			);
			path = Mediation;
			sourceTree = "<group>";
		};
		EC9410751999028A00EB944C /* MADNET_SDK_LIB_5022_155 */ = {
			isa = PBXGroup;
			children = (
				EC9410761999028A00EB944C /* CMADADSourceBuilder.h */,
				EC9410771999028A00EB944C /* CmAdBannerEntity.h */,
				EC9410781999028A00EB944C /* CMADInterstitialAdManager.h */,
				EC9410791999028A00EB944C /* IMADBaseProtocol.h */,
				EC94107A1999028A00EB944C /* IMADFulscreenViewControllerDelegate.h */,
				EC94107B1999028A00EB944C /* IMADRotationViewDelegate.h */,
				EC94107C1999028A00EB944C /* IMADTosterRotationViewDelegate.h */,
				EC94107D1999028A00EB944C /* libMADSDK.a */,
				EC94107E1999028A00EB944C /* MADBaseRequestParametrs.h */,
				EC94107F1999028A00EB944C /* MADContainerParameters.h */,
				EC9410801999028A00EB944C /* MADExternalValuesForTargeting.h */,
				EC9410811999028A00EB944C /* MADNET_SDK.bundle */,
				EC9410821999028A00EB944C /* MadNetStyleConfig.h */,
				EC9410831999028A00EB944C /* MADRotationView.h */,
				EC9410841999028A00EB944C /* MADSize.h */,
				EC9410851999028A00EB944C /* MADTosterFooterRotationView.h */,
				EC9410861999028A00EB944C /* MADTosterRotationView.h */,
			);
			path = MADNET_SDK_LIB_5022_155;
			sourceTree = "<group>";
		};
		ECF1A90117A1308A001C5ADC = {
			isa = PBXGroup;
			children = (
				ECF1A91317A1308A001C5ADC /* MADNET_SDK_MEDIATION */,
				ECF1A90C17A1308A001C5ADC /* Frameworks */,
				ECF1A90B17A1308A001C5ADC /* Products */,
			);
			sourceTree = "<group>";
		};
		ECF1A90B17A1308A001C5ADC /* Products */ = {
			isa = PBXGroup;
			children = (
				ECF1A90A17A1308A001C5ADC /* MADNET_SDK_MEDIATION.app */,
			);
			name = Products;
			sourceTree = "<group>";
		};
		ECF1A90C17A1308A001C5ADC /* Frameworks */ = {
			isa = PBXGroup;
			children = (
				EC0DC3571958451000CEC335 /* AVFoundation.framework */,
				EC807DCB17F084B600B66CDE /* StoreKit.framework */,
				EC807DC917F083F500B66CDE /* Security.framework */,
				ECD352B017AA5C74005BFD5B /* MessageUI.framework */,
				ECD352AE17AA5C3E005BFD5B /* AudioToolbox.framework */,
				ECF1A95717A1313D001C5ADC /* CoreTelephony.framework */,
				ECF1A95517A13135001C5ADC /* CFNetwork.framework */,
				ECF1A95317A13130001C5ADC /* EventKit.framework */,
				ECF1A95117A13127001C5ADC /* CoreMotion.framework */,
				ECF1A94F17A1311F001C5ADC /* CoreLocation.framework */,
				ECF1A94D17A13113001C5ADC /* MediaPlayer.framework */,
				ECF1A94B17A1310D001C5ADC /* MobileCoreServices.framework */,
				ECF1A94917A13107001C5ADC /* SystemConfiguration.framework */,
				ECF1A94717A13100001C5ADC /* AdSupport.framework */,
				ECF1A94517A130FB001C5ADC /* libz.dylib */,
				ECF1A94317A130F4001C5ADC /* QuartzCore.framework */,
				ECF1A94117A130ED001C5ADC /* CoreFoundation.framework */,
				ECF1A90D17A1308A001C5ADC /* UIKit.framework */,
				ECF1A90F17A1308A001C5ADC /* Foundation.framework */,
				ECF1A91117A1308A001C5ADC /* CoreGraphics.framework */,
			);
			name = Frameworks;
			sourceTree = "<group>";
		};
		ECF1A91317A1308A001C5ADC /* MADNET_SDK_MEDIATION */ = {
			isa = PBXGroup;
			children = (
				EC941089199902E000EB944C /* MADCustomEventWithGADBanner.h */,
				EC94108A199902E000EB944C /* MADCustomEventWithGADBanner.m */,
				EC9410751999028A00EB944C /* MADNET_SDK_LIB_5022_155 */,
				EC7A622A1959B9CD00A9669A /* AdMob SDK */,
				EC0DC35919584DF000CEC335 /* CCustomMADCustomEventWithGADBanner.h */,
				EC0DC35A19584DF000CEC335 /* CCustomMADCustomEventWithGADBanner.m */,
				ECF1A91C17A1308A001C5ADC /* AppDelegate.h */,
				ECF1A91D17A1308A001C5ADC /* AppDelegate.m */,
				ECF1A92517A1308A001C5ADC /* MainStoryboard.storyboard */,
				ECF1A92817A1308A001C5ADC /* ViewController.h */,
				ECF1A92917A1308A001C5ADC /* ViewController.m */,
				ECF1A91417A1308A001C5ADC /* Supporting Files */,
			);
			path = MADNET_SDK_MEDIATION;
			sourceTree = "<group>";
		};
		ECF1A91417A1308A001C5ADC /* Supporting Files */ = {
			isa = PBXGroup;
			children = (
				ECF1A91517A1308A001C5ADC /* MADNET_SDK_MEDIATION-Info.plist */,
				ECF1A91617A1308A001C5ADC /* InfoPlist.strings */,
				ECF1A91917A1308A001C5ADC /* main.m */,
				ECF1A91B17A1308A001C5ADC /* MADNET_SDK_MEDIATION-Prefix.pch */,
				ECF1A91F17A1308A001C5ADC /* Default.png */,
				ECF1A92117A1308A001C5ADC /* Default@2x.png */,
				ECF1A92317A1308A001C5ADC /* Default-568h@2x.png */,
			);
			name = "Supporting Files";
			sourceTree = "<group>";
		};
/* End PBXGroup section */

/* Begin PBXNativeTarget section */
		ECF1A90917A1308A001C5ADC /* MADNET_SDK_MEDIATION */ = {
			isa = PBXNativeTarget;
			buildConfigurationList = ECF1A92D17A1308A001C5ADC /* Build configuration list for PBXNativeTarget "MADNET_SDK_MEDIATION" */;
			buildPhases = (
				ECF1A90617A1308A001C5ADC /* Sources */,
				ECF1A90717A1308A001C5ADC /* Frameworks */,
				ECF1A90817A1308A001C5ADC /* Resources */,
			);
			buildRules = (
			);
			dependencies = (
			);
			name = MADNET_SDK_MEDIATION;
			productName = MADNET_SDK_MEDIATION;
			productReference = ECF1A90A17A1308A001C5ADC /* MADNET_SDK_MEDIATION.app */;
			productType = "com.apple.product-type.application";
		};
/* End PBXNativeTarget section */

/* Begin PBXProject section */
		ECF1A90217A1308A001C5ADC /* Project object */ = {
			isa = PBXProject;
			attributes = {
				LastUpgradeCheck = 0510;
				ORGANIZATIONNAME = AndreyIvanov;
				TargetAttributes = {
					ECF1A90917A1308A001C5ADC = {
						DevelopmentTeam = KXUZC5CG78;
						SystemCapabilities = {
							com.apple.InAppPurchase = {
								enabled = 0;
							};
						};
					};
				};
			};
			buildConfigurationList = ECF1A90517A1308A001C5ADC /* Build configuration list for PBXProject "MADNET_SDK_MEDIATION" */;
			compatibilityVersion = "Xcode 3.2";
			developmentRegion = English;
			hasScannedForEncodings = 0;
			knownRegions = (
				en,
			);
			mainGroup = ECF1A90117A1308A001C5ADC;
			productRefGroup = ECF1A90B17A1308A001C5ADC /* Products */;
			projectDirPath = "";
			projectRoot = "";
			targets = (
				ECF1A90917A1308A001C5ADC /* MADNET_SDK_MEDIATION */,
			);
		};
/* End PBXProject section */

/* Begin PBXResourcesBuildPhase section */
		ECF1A90817A1308A001C5ADC /* Resources */ = {
			isa = PBXResourcesBuildPhase;
			buildActionMask = 2147483647;
			files = (
				ECF1A91817A1308A001C5ADC /* InfoPlist.strings in Resources */,
				EC9410881999028A00EB944C /* MADNET_SDK.bundle in Resources */,
				ECF1A92017A1308A001C5ADC /* Default.png in Resources */,
				ECF1A92217A1308A001C5ADC /* Default@2x.png in Resources */,
				ECF1A92417A1308A001C5ADC /* Default-568h@2x.png in Resources */,
				ECF1A92717A1308A001C5ADC /* MainStoryboard.storyboard in Resources */,
			);
			runOnlyForDeploymentPostprocessing = 0;
		};
/* End PBXResourcesBuildPhase section */

/* Begin PBXSourcesBuildPhase section */
		ECF1A90617A1308A001C5ADC /* Sources */ = {
			isa = PBXSourcesBuildPhase;
			buildActionMask = 2147483647;
			files = (
				ECF1A91A17A1308A001C5ADC /* main.m in Sources */,
				EC94108B199902E000EB944C /* MADCustomEventWithGADBanner.m in Sources */,
				EC0DC35B19584DF000CEC335 /* CCustomMADCustomEventWithGADBanner.m in Sources */,
				ECF1A91E17A1308A001C5ADC /* AppDelegate.m in Sources */,
				ECF1A92A17A1308A001C5ADC /* ViewController.m in Sources */,
			);
			runOnlyForDeploymentPostprocessing = 0;
		};
/* End PBXSourcesBuildPhase section */

/* Begin PBXVariantGroup section */
		ECF1A91617A1308A001C5ADC /* InfoPlist.strings */ = {
			isa = PBXVariantGroup;
			children = (
				ECF1A91717A1308A001C5ADC /* en */,
			);
			name = InfoPlist.strings;
			sourceTree = "<group>";
		};
		ECF1A92517A1308A001C5ADC /* MainStoryboard.storyboard */ = {
			isa = PBXVariantGroup;
			children = (
				ECF1A92617A1308A001C5ADC /* en */,
			);
			name = MainStoryboard.storyboard;
			sourceTree = "<group>";
		};
/* End PBXVariantGroup section */

/* Begin XCBuildConfiguration section */
		ECF1A92B17A1308A001C5ADC /* Debug */ = {
			isa = XCBuildConfiguration;
			buildSettings = {
				ALWAYS_SEARCH_USER_PATHS = NO;
				CLANG_CXX_LANGUAGE_STANDARD = "gnu++0x";
				CLANG_CXX_LIBRARY = "libc++";
				CLANG_WARN_CONSTANT_CONVERSION = YES;
				CLANG_WARN_EMPTY_BODY = YES;
				CLANG_WARN_ENUM_CONVERSION = YES;
				CLANG_WARN_INT_CONVERSION = YES;
				CLANG_WARN__DUPLICATE_METHOD_MATCH = YES;
				CODE_SIGN_IDENTITY = "iPhone Developer: Andrey Ivanov (3H2UP2NK4R)";
				"CODE_SIGN_IDENTITY[sdk=iphoneos*]" = "iPhone Developer: Andrey Ivanov (3H2UP2NK4R)";
				COPY_PHASE_STRIP = NO;
				GCC_C_LANGUAGE_STANDARD = gnu99;
				GCC_DYNAMIC_NO_PIC = NO;
				GCC_OPTIMIZATION_LEVEL = 0;
				GCC_PREPROCESSOR_DEFINITIONS = (
					"DEBUG=1",
					"$(inherited)",
				);
				GCC_SYMBOLS_PRIVATE_EXTERN = NO;
				GCC_WARN_ABOUT_RETURN_TYPE = YES;
				GCC_WARN_UNINITIALIZED_AUTOS = YES;
				GCC_WARN_UNUSED_VARIABLE = YES;
				IPHONEOS_DEPLOYMENT_TARGET = 6.1;
				ONLY_ACTIVE_ARCH = YES;
				SDKROOT = iphoneos;
			};
			name = Debug;
		};
		ECF1A92C17A1308A001C5ADC /* Release */ = {
			isa = XCBuildConfiguration;
			buildSettings = {
				ALWAYS_SEARCH_USER_PATHS = NO;
				CLANG_CXX_LANGUAGE_STANDARD = "gnu++0x";
				CLANG_CXX_LIBRARY = "libc++";
				CLANG_WARN_CONSTANT_CONVERSION = YES;
				CLANG_WARN_EMPTY_BODY = YES;
				CLANG_WARN_ENUM_CONVERSION = YES;
				CLANG_WARN_INT_CONVERSION = YES;
				CLANG_WARN__DUPLICATE_METHOD_MATCH = YES;
				CODE_SIGN_IDENTITY = "iPhone Developer: Andrey Ivanov (3H2UP2NK4R)";
				"CODE_SIGN_IDENTITY[sdk=iphoneos*]" = "iPhone Developer: Andrey Ivanov (3H2UP2NK4R)";
				COPY_PHASE_STRIP = YES;
				GCC_C_LANGUAGE_STANDARD = gnu99;
				GCC_WARN_ABOUT_RETURN_TYPE = YES;
				GCC_WARN_UNINITIALIZED_AUTOS = YES;
				GCC_WARN_UNUSED_VARIABLE = YES;
				IPHONEOS_DEPLOYMENT_TARGET = 6.1;
				OTHER_CFLAGS = "-DNS_BLOCK_ASSERTIONS=1";
				SDKROOT = iphoneos;
				VALIDATE_PRODUCT = YES;
			};
			name = Release;
		};
		ECF1A92E17A1308A001C5ADC /* Debug */ = {
			isa = XCBuildConfiguration;
			buildSettings = {
				CODE_SIGN_IDENTITY = "iPhone Developer: Andrey Ivanov (3H2UP2NK4R)";
				GCC_PRECOMPILE_PREFIX_HEADER = YES;
				GCC_PREFIX_HEADER = "MADNET_SDK_MEDIATION/MADNET_SDK_MEDIATION-Prefix.pch";
				INFOPLIST_FILE = "MADNET_SDK_MEDIATION/MADNET_SDK_MEDIATION-Info.plist";
				IPHONEOS_DEPLOYMENT_TARGET = 6.0;
				LIBRARY_SEARCH_PATHS = (
					"$(inherited)",
					"$(PROJECT_DIR)/MADNET_SDK_MEDIATION/MADNET_SDK_LIB_5022_151",
					"$(PROJECT_DIR)/MADNET_SDK_MEDIATION",
					"$(PROJECT_DIR)/MADNET_SDK_MEDIATION/MADNET_SDK_LIB_5022_155",
				);
				OTHER_LDFLAGS = "-ObjC";
				PRODUCT_NAME = "$(TARGET_NAME)";
				PROVISIONING_PROFILE = "D319217E-C30D-4F2F-913A-9C7DB2D33B2E";
				WRAPPER_EXTENSION = app;
			};
			name = Debug;
		};
		ECF1A92F17A1308A001C5ADC /* Release */ = {
			isa = XCBuildConfiguration;
			buildSettings = {
				CODE_SIGN_IDENTITY = "iPhone Developer: Andrey Ivanov (3H2UP2NK4R)";
				GCC_PRECOMPILE_PREFIX_HEADER = YES;
				GCC_PREFIX_HEADER = "MADNET_SDK_MEDIATION/MADNET_SDK_MEDIATION-Prefix.pch";
				INFOPLIST_FILE = "MADNET_SDK_MEDIATION/MADNET_SDK_MEDIATION-Info.plist";
				IPHONEOS_DEPLOYMENT_TARGET = 6.0;
				LIBRARY_SEARCH_PATHS = (
					"$(inherited)",
					"$(PROJECT_DIR)/MADNET_SDK_MEDIATION/MADNET_SDK_LIB_5022_151",
					"$(PROJECT_DIR)/MADNET_SDK_MEDIATION",
					"$(PROJECT_DIR)/MADNET_SDK_MEDIATION/MADNET_SDK_LIB_5022_155",
				);
				OTHER_LDFLAGS = "-ObjC";
				PRODUCT_NAME = "$(TARGET_NAME)";
				PROVISIONING_PROFILE = "D319217E-C30D-4F2F-913A-9C7DB2D33B2E";
				WRAPPER_EXTENSION = app;
			};
			name = Release;
		};
/* End XCBuildConfiguration section */

/* Begin XCConfigurationList section */
		ECF1A90517A1308A001C5ADC /* Build configuration list for PBXProject "MADNET_SDK_MEDIATION" */ = {
			isa = XCConfigurationList;
			buildConfigurations = (
				ECF1A92B17A1308A001C5ADC /* Debug */,
				ECF1A92C17A1308A001C5ADC /* Release */,
			);
			defaultConfigurationIsVisible = 0;
			defaultConfigurationName = Release;
		};
		ECF1A92D17A1308A001C5ADC /* Build configuration list for PBXNativeTarget "MADNET_SDK_MEDIATION" */ = {
			isa = XCConfigurationList;
			buildConfigurations = (
				ECF1A92E17A1308A001C5ADC /* Debug */,
				ECF1A92F17A1308A001C5ADC /* Release */,
			);
			defaultConfigurationIsVisible = 0;
			defaultConfigurationName = Release;
		};
/* End XCConfigurationList section */
	};
	rootObject = ECF1A90217A1308A001C5ADC /* Project object */;
}
